
Microsoft Visual Studio Solution File, Format Version 12.00
# Visual Studio Version 17
VisualStudioVersion = 17.2.32505.173
MinimumVisualStudioVersion = 10.0.40219.1
Project("{FAE04EC0-301F-11D3-BF4B-00C04F79EFBC}") = "FunctionalProgram", "FunctionalProgram\FunctionalProgram.csproj", "{06FA8764-A198-43E9-BCAC-136D653E9F0A}"
EndProject
Global
	GlobalSection(SolutionConfigurationPlatforms) = preSolution
		Debug|Any CPU = Debug|Any CPU
		Release|Any CPU = Release|Any CPU
	EndGlobalSection
	GlobalSection(ProjectConfigurationPlatforms) = postSolution
		{06FA8764-A198-43E9-BCAC-136D653E9F0A}.Debug|Any CPU.ActiveCfg = Debug|Any CPU
		{06FA8764-A198-43E9-BCAC-136D653E9F0A}.Debug|Any CPU.Build.0 = Debug|Any CPU
		{06FA8764-A198-43E9-BCAC-136D653E9F0A}.Release|Any CPU.ActiveCfg = Release|Any CPU
		{06FA8764-A198-43E9-BCAC-136D653E9F0A}.Release|Any CPU.Build.0 = Release|Any CPU
	EndGlobalSection
	GlobalSection(SolutionProperties) = preSolution
		HideSolutionNode = FALSE
	EndGlobalSection
	GlobalSection(ExtensibilityGlobals) = postSolution
		SolutionGuid = {B25AB688-7876-402A-857E-B66A762FF8A3}
	EndGlobalSection
EndGlobal
